{
  "name": "proj-pbi-api",
  "version": "1.0.0",
  "lockfileVersion": 3,
  "requires": true,
  "packages": {
    "": {
      "name": "proj-pbi-api",
      "version": "1.0.0",
      "license": "ISC",
      "dependencies": {
        "@microsoft/powerbi-modeling-mcp": "^0.5.0-beta.12"
      },
      "devDependencies": {
        "@playwright/test": "^1.61.1"
      }
    },
    "node_modules/@microsoft/powerbi-modeling-mcp": {
      "version": "0.5.0-beta.12",
      "resolved": "https://registry.npmjs.org/@microsoft/powerbi-modeling-mcp/-/powerbi-modeling-mcp-0.5.0-beta.12.tgz",
      "integrity": "sha512-t9OG4CWB6c/VfCpzM7PY0LhVHXP0bMKPWQq0qa1vg3cbAUFc4Oqs8E0sYrKJowBddna7App4lGUhyt3MowuAPQ==",
      "cpu": [
        "x64",
        "arm64"
      ],
      "os": [
        "win32",
        "darwin",
        "linux"
      ],
      "bin": {
        "powerbi-modeling-mcp": "index.js"
      },
      "engines": {
        "node": ">=18.0.0"
      },
      "optionalDependencies": {
        "@microsoft/powerbi-modeling-mcp-darwin-arm64": "0.5.0-beta.12",
        "@microsoft/powerbi-modeling-mcp-linux-arm64": "0.5.0-beta.12",
        "@microsoft/powerbi-modeling-mcp-linux-x64": "0.5.0-beta.12",
        "@microsoft/powerbi-modeling-mcp-win32-arm64": "0.5.0-beta.12",
        "@microsoft/powerbi-modeling-mcp-win32-x64": "0.5.0-beta.12"
      }
    },
    "node_modules/@microsoft/powerbi-modeling-mcp-darwin-arm64": {
      "version": "0.5.0-beta.12",
      "resolved": "https://registry.npmjs.org/@microsoft/powerbi-modeling-mcp-darwin-arm64/-/powerbi-modeling-mcp-darwin-arm64-0.5.0-beta.12.tgz",
      "integrity": "sha512-jwMh3I1977W4NbQUYDWMgrQRNHgql5LMW40xOm7c4sBB3OPjWuySEJb5hnpYv24o874cjEDbBnXxANlHAqsftQ==",
      "cpu": [
        "arm64"
      ],
      "optional": true,
      "os": [
        "darwin"
      ],
      "bin": {
        "powerbi-modeling-mcp-darwin-arm64": "dist/powerbi-modeling-mcp"
      },
      "engines": {
        "node": ">=18.0.0"
      }
    },
    "node_modules/@microsoft/powerbi-modeling-mcp-linux-arm64": {
      "version": "0.5.0-beta.12",
      "resolved": "https://registry.npmjs.org/@microsoft/powerbi-modeling-mcp-linux-arm64/-/powerbi-modeling-mcp-linux-arm64-0.5.0-beta.12.tgz",
      "integrity": "sha512-R8LRPVU1Eil+zgpriL2AOu3D10wbufIK4hY7WIHJsXc08KRarhOvMEEJa3hm9BYedVvyo+8/XqaKMVDj7VDuCA==",
      "cpu": [
        "arm64"
      ],
      "optional": true,
      "os": [
        "linux"
      ],
      "bin": {
        "powerbi-modeling-mcp-linux-arm64": "dist/powerbi-modeling-mcp"
      },
      "engines": {
        "node": ">=18.0.0"
      }
    },
    "node_modules/@microsoft/powerbi-modeling-mcp-linux-x64": {
      "version": "0.5.0-beta.12",
      "resolved": "https://registry.npmjs.org/@microsoft/powerbi-modeling-mcp-linux-x64/-/powerbi-modeling-mcp-linux-x64-0.5.0-beta.12.tgz",
      "integrity": "sha512-88gTlQ8bLjQhDsGE2KI6kMREu4PfJNwFvnwiwnzIcRAx4exK9QgebK0chlGBsST77DoQB2CuTuRmwatHZmjnaQ==",
      "cpu": [
        "x64"
      ],
      "optional": true,
      "os": [
        "linux"
      ],
      "bin": {
        "powerbi-modeling-mcp-linux-x64": "dist/powerbi-modeling-mcp"
      },
      "engines": {
        "node": ">=18.0.0"
      }
    },
    "node_modules/@microsoft/powerbi-modeling-mcp-win32-arm64": {
      "version": "0.5.0-beta.12",
      "resolved": "https://registry.npmjs.org/@microsoft/powerbi-modeling-mcp-win32-arm64/-/powerbi-modeling-mcp-win32-arm64-0.5.0-beta.12.tgz",
      "integrity": "sha512-upeCE9hjIwSQROurrx7paeGHFVomoCZo0wFhlo5LoXQw0RJjruHcGlZD4ciQzDVv3X55Q9gTv4E5uyhgcjLang==",
      "cpu": [
        "arm64"
      ],
      "optional": true,
      "os": [
        "win32"
      ],
      "bin": {
        "powerbi-modeling-mcp-win32-arm64": "dist/powerbi-modeling-mcp.exe"
      },
      "engines": {
        "node": ">=18.0.0"
      }
    },
    "node_modules/@microsoft/powerbi-modeling-mcp-win32-x64": {
      "version": "0.5.0-beta.12",
      "resolved": "https://registry.npmjs.org/@microsoft/powerbi-modeling-mcp-win32-x64/-/powerbi-modeling-mcp-win32-x64-0.5.0-beta.12.tgz",
      "integrity": "sha512-KA7GA0bb1Kjq4bIa7egEDAsH7fmUIo7dECfv8E7IcPG5pAVYAVCDlcGXYFLgUoOaeXgn7vbO0c9oN79Y1ONGng==",
      "cpu": [
        "x64"
      ],
      "optional": true,
      "os": [
        "win32"
      ],
      "bin": {
        "powerbi-modeling-mcp-win32-x64": "dist/powerbi-modeling-mcp.exe"
      },
      "engines": {
        "node": ">=18.0.0"
      }
    },
    "node_modules/@playwright/test": {
      "version": "1.61.1",
      "resolved": "https://registry.npmjs.org/@playwright/test/-/test-1.61.1.tgz",
      "integrity": "sha512-8nKv6+0RJSL9FE4jYOEGXnPeM/Hg12qZpmqzZjRh3qM0Y7c3z1mrOTfFLids72RDQYVh9WpLEfR5WdpNX4fkig==",
      "dev": true,
      "dependencies": {
        "playwright": "1.61.1"
      },
      "bin": {
        "playwright": "cli.js"
      },
      "engines": {
        "node": ">=18"
      }
    },
    "node_modules/fsevents": {
      "version": "2.3.2",
      "resolved": "https://registry.npmjs.org/fsevents/-/fsevents-2.3.2.tgz",
      "integrity": "sha512-xiqMQR4xAeHTuB9uWm+fFRcIOgKBMiOBP+eXiyT7jsgVCq1bkVygt00oASowB7EdtpOHaaPgKt812P9ab+DDKA==",
      "dev": true,
      "hasInstallScript": true,
      "optional": true,
      "os": [
        "darwin"
      ],
      "engines": {
        "node": "^8.16.0 || ^10.6.0 || >=11.0.0"
      }
    },
    "node_modules/playwright": {
      "version": "1.61.1",
      "resolved": "https://registry.npmjs.org/playwright/-/playwright-1.61.1.tgz",
      "integrity": "sha512-DWnY5o3YbLWK4GovuAVwpqL+1VwGNdUGrRr++8j8PtQQzvAVZUIMjKQ90fY689sEJZJBbZVw1rXaOKSTitkzPQ==",
      "dev": true,
      "dependencies": {
        "playwright-core": "1.61.1"
      },
      "bin": {
        "playwright": "cli.js"
      },
      "engines": {
        "node": ">=18"
      },
      "optionalDependencies": {
        "fsevents": "2.3.2"
      }
    },
    "node_modules/playwright-core": {
      "version": "1.61.1",
      "resolved": "https://registry.npmjs.org/playwright-core/-/playwright-core-1.61.1.tgz",
      "integrity": "sha512-h7Qlt6m4REp25qvIdvbDtVmD4LqVXfpRxhORv9L0jzETM05p4fuPJ3dKyuSXQxDSbXnmS79HAgi9589lGSpLkg==",
      "dev": true,
      "bin": {
        "playwright-core": "cli.js"
      },
      "engines": {
        "node": ">=18"
      }
    }
  }
}
